// !$*UTF8*$!
{
	archiveVersion = 1;
	classes = {
	};
	objectVersion = 46;
	objects = {

/* Begin PBXBuildFile section */
		2D03B93A197EB89700715176 /* SwiftExtensions.swift in Sources */ = {isa = PBXBuildFile; fileRef = 2D03B939197EB89700715176 /* SwiftExtensions.swift */; };
		2D15929A19514B4900A96BCC /* GridNode.swift in Sources */ = {isa = PBXBuildFile; fileRef = 2D15929919514B4900A96BCC /* GridNode.swift */; };
		2D15929C19514B5400A96BCC /* CellNode.swift in Sources */ = {isa = PBXBuildFile; fileRef = 2D15929B19514B5400A96BCC /* CellNode.swift */; };
		2D1CC15D195B59C000579575 /* gameScene.atlas in Resources */ = {isa = PBXBuildFile; fileRef = 2D1CC15B195B59C000579575 /* gameScene.atlas */; };
		2D2D26AB199E610D00EC4A45 /* FirstTutorialScene.swift in Sources */ = {isa = PBXBuildFile; fileRef = 2D2D26AA199E610D00EC4A45 /* FirstTutorialScene.swift */; };
		2D336E8919534044008E55A9 /* MathFunctions.swift in Sources */ = {isa = PBXBuildFile; fileRef = 2D336E8819534044008E55A9 /* MathFunctions.swift */; };
		2D37934519965135000B10EB /* Button.swift in Sources */ = {isa = PBXBuildFile; fileRef = 2D37934419965135000B10EB /* Button.swift */; };
		2D4729CD19BB91110072E52D /* LiftedGridNode.swift in Sources */ = {isa = PBXBuildFile; fileRef = 2D4729CC19BB91110072E52D /* LiftedGridNode.swift */; };
		2D4729CF19BC92650072E52D /* ToolButton.swift in Sources */ = {isa = PBXBuildFile; fileRef = 2D4729CE19BC92650072E52D /* ToolButton.swift */; };
		2D5C7319199FE80600D53D0D /* SpeedControlNode.swift in Sources */ = {isa = PBXBuildFile; fileRef = 2D5C7318199FE80600D53D0D /* SpeedControlNode.swift */; };
		2D5E583F19A5265500F10DD3 /* ShimmerNode.swift in Sources */ = {isa = PBXBuildFile; fileRef = 2D5E583E19A5265500F10DD3 /* ShimmerNode.swift */; };
		2D60F5C7198041BD0032860B /* TitleScene.swift in Sources */ = {isa = PBXBuildFile; fileRef = 2D60F5C6198041BD0032860B /* TitleScene.swift */; };
		2D60F5C9198156250032860B /* GameData.swift in Sources */ = {isa = PBXBuildFile; fileRef = 2D60F5C8198156250032860B /* GameData.swift */; };
		2D62A46119929CC7002CD03F /* Globals.swift in Sources */ = {isa = PBXBuildFile; fileRef = 2D62A46019929CC7002CD03F /* Globals.swift */; };
		2D7F922C195C61FA00F04F63 /* ToolbarNode.swift in Sources */ = {isa = PBXBuildFile; fileRef = 2D7F922B195C61FA00F04F63 /* ToolbarNode.swift */; };
		2D849F3619A39EB6008F3D69 /* CoreGraphicsExtensions.swift in Sources */ = {isa = PBXBuildFile; fileRef = 2D849F3519A39EB6008F3D69 /* CoreGraphicsExtensions.swift */; };
		2D8C19A3199696A90064B790 /* SwipeNode.swift in Sources */ = {isa = PBXBuildFile; fileRef = 2D8C19A2199696A90064B790 /* SwipeNode.swift */; };
		2DC0167719CCCA50003D922A /* belt36@2x.png in Resources */ = {isa = PBXBuildFile; fileRef = 2DC0167619CCCA50003D922A /* belt36@2x.png */; };
		2DC0167B19CCCEBE003D922A /* belt29@2x.png in Resources */ = {isa = PBXBuildFile; fileRef = 2DC0167A19CCCEBE003D922A /* belt29@2x.png */; };
		2DC0167D19CDC32E003D922A /* Media.xcassets in Resources */ = {isa = PBXBuildFile; fileRef = 2DC0167C19CDC32E003D922A /* Media.xcassets */; };
		2DC0168019CDCD66003D922A /* belt46@2x.png in Resources */ = {isa = PBXBuildFile; fileRef = 2DC0167E19CDCD66003D922A /* belt46@2x.png */; };
		2DC0168119CDCD66003D922A /* belt64@2x.png in Resources */ = {isa = PBXBuildFile; fileRef = 2DC0167F19CDCD66003D922A /* belt64@2x.png */; };
		2DC0168319CEF41D003D922A /* ManufactoriaScene.swift in Sources */ = {isa = PBXBuildFile; fileRef = 2DC0168219CEF41D003D922A /* ManufactoriaScene.swift */; };
		2DC1CD6919AFB75900589B86 /* FailTapeNode.swift in Sources */ = {isa = PBXBuildFile; fileRef = 2DC1CD6819AFB75900589B86 /* FailTapeNode.swift */; };
		2DC49131194F45B800053237 /* AppDelegate.swift in Sources */ = {isa = PBXBuildFile; fileRef = 2DC49130194F45B800053237 /* AppDelegate.swift */; };
		2DC49135194F45B800053237 /* GameScene.swift in Sources */ = {isa = PBXBuildFile; fileRef = 2DC49134194F45B800053237 /* GameScene.swift */; };
		2DC49137194F45B800053237 /* GameViewController.swift in Sources */ = {isa = PBXBuildFile; fileRef = 2DC49136194F45B800053237 /* GameViewController.swift */; };
		2DC4913A194F45B800053237 /* Main.storyboard in Resources */ = {isa = PBXBuildFile; fileRef = 2DC49138194F45B800053237 /* Main.storyboard */; };
		2DC4913C194F45B800053237 /* Images.xcassets in Resources */ = {isa = PBXBuildFile; fileRef = 2DC4913B194F45B800053237 /* Images.xcassets */; };
		2DC49148194F45B800053237 /* ManufactoriaSwiftTests.swift in Sources */ = {isa = PBXBuildFile; fileRef = 2DC49147194F45B800053237 /* ManufactoriaSwiftTests.swift */; };
		2DC4915D194F621A00053237 /* Grid.swift in Sources */ = {isa = PBXBuildFile; fileRef = 2DC4915C194F621A00053237 /* Grid.swift */; };
		2DC4915F194F671F00053237 /* Cell.swift in Sources */ = {isa = PBXBuildFile; fileRef = 2DC4915E194F671F00053237 /* Cell.swift */; };
		2DCA18A51985849B00DF3118 /* SpriteKitExtensions.swift in Sources */ = {isa = PBXBuildFile; fileRef = 2DCA18A41985849B00DF3118 /* SpriteKitExtensions.swift */; };
		2DCA18A71985AA0200DF3118 /* QuestionScene.swift in Sources */ = {isa = PBXBuildFile; fileRef = 2DCA18A61985AA0200DF3118 /* QuestionScene.swift */; };
		2DCA18AB1986D2FA00DF3118 /* BreakingLabel.swift in Sources */ = {isa = PBXBuildFile; fileRef = 2DCA18AA1986D2FA00DF3118 /* BreakingLabel.swift */; };
		2DCEF7D5198D63960008DA44 /* StatusNode.swift in Sources */ = {isa = PBXBuildFile; fileRef = 2DCEF7D4198D63960008DA44 /* StatusNode.swift */; };
		2DD23D6C196DB17C00838E96 /* TapeNode.swift in Sources */ = {isa = PBXBuildFile; fileRef = 2DD23D6B196DB17C00838E96 /* TapeNode.swift */; };
		2DD23D6E196F0BF900838E96 /* LevelLibrary.swift in Sources */ = {isa = PBXBuildFile; fileRef = 2DD23D6D196F0BF900838E96 /* LevelLibrary.swift */; };
		2DD23D71196F223E00838E96 /* MenuScene.swift in Sources */ = {isa = PBXBuildFile; fileRef = 2DD23D70196F223E00838E96 /* MenuScene.swift */; };
		2DD23D731974730F00838E96 /* Engine.swift in Sources */ = {isa = PBXBuildFile; fileRef = 2DD23D721974730F00838E96 /* Engine.swift */; };
		2DD8C8A219B69AD9000D729E /* LevelData.swift in Sources */ = {isa = PBXBuildFile; fileRef = 2DD8C8A119B69AD9000D729E /* LevelData.swift */; };
/* End PBXBuildFile section */

/* Begin PBXContainerItemProxy section */
		2DC49142194F45B800053237 /* PBXContainerItemProxy */ = {
			isa = PBXContainerItemProxy;
			containerPortal = 2DC49123194F45B800053237 /* Project object */;
			proxyType = 1;
			remoteGlobalIDString = 2DC4912A194F45B800053237;
			remoteInfo = ManufactoriaSwift;
		};
/* End PBXContainerItemProxy section */

/* Begin PBXFileReference section */
		2D03B939197EB89700715176 /* SwiftExtensions.swift */ = {isa = PBXFileReference; fileEncoding = 4; lastKnownFileType = sourcecode.swift; path = SwiftExtensions.swift; sourceTree = "<group>"; };
		2D15929919514B4900A96BCC /* GridNode.swift */ = {isa = PBXFileReference; fileEncoding = 4; lastKnownFileType = sourcecode.swift; path = GridNode.swift; sourceTree = "<group>"; };
		2D15929B19514B5400A96BCC /* CellNode.swift */ = {isa = PBXFileReference; fileEncoding = 4; lastKnownFileType = sourcecode.swift; path = CellNode.swift; sourceTree = "<group>"; };
		2D1CC15B195B59C000579575 /* gameScene.atlas */ = {isa = PBXFileReference; lastKnownFileType = folder.skatlas; name = gameScene.atlas; path = ../../../Documents/ManufactoriaSwift/gameScene/gameScene.atlas; sourceTree = "<group>"; };
		2D2D26AA199E610D00EC4A45 /* FirstTutorialScene.swift */ = {isa = PBXFileReference; fileEncoding = 4; lastKnownFileType = sourcecode.swift; path = FirstTutorialScene.swift; sourceTree = "<group>"; };
		2D336E8819534044008E55A9 /* MathFunctions.swift */ = {isa = PBXFileReference; fileEncoding = 4; lastKnownFileType = sourcecode.swift; path = MathFunctions.swift; sourceTree = "<group>"; };
		2D37934419965135000B10EB /* Button.swift */ = {isa = PBXFileReference; fileEncoding = 4; lastKnownFileType = sourcecode.swift; path = Button.swift; sourceTree = "<group>"; };
		2D4729CC19BB91110072E52D /* LiftedGridNode.swift */ = {isa = PBXFileReference; fileEncoding = 4; lastKnownFileType = sourcecode.swift; path = LiftedGridNode.swift; sourceTree = "<group>"; };
		2D4729CE19BC92650072E52D /* ToolButton.swift */ = {isa = PBXFileReference; fileEncoding = 4; lastKnownFileType = sourcecode.swift; path = ToolButton.swift; sourceTree = "<group>"; };
		2D5C7318199FE80600D53D0D /* SpeedControlNode.swift */ = {isa = PBXFileReference; fileEncoding = 4; lastKnownFileType = sourcecode.swift; path = SpeedControlNode.swift; sourceTree = "<group>"; };
		2D5E583E19A5265500F10DD3 /* ShimmerNode.swift */ = {isa = PBXFileReference; fileEncoding = 4; lastKnownFileType = sourcecode.swift; path = ShimmerNode.swift; sourceTree = "<group>"; };
		2D60F5C6198041BD0032860B /* TitleScene.swift */ = {isa = PBXFileReference; fileEncoding = 4; lastKnownFileType = sourcecode.swift; lineEnding = 0; path = TitleScene.swift; sourceTree = "<group>"; xcLanguageSpecificationIdentifier = xcode.lang.swift; };
		2D60F5C8198156250032860B /* GameData.swift */ = {isa = PBXFileReference; fileEncoding = 4; lastKnownFileType = sourcecode.swift; path = GameData.swift; sourceTree = "<group>"; };
		2D62A46019929CC7002CD03F /* Globals.swift */ = {isa = PBXFileReference; fileEncoding = 4; lastKnownFileType = sourcecode.swift; path = Globals.swift; sourceTree = "<group>"; };
		2D7F922B195C61FA00F04F63 /* ToolbarNode.swift */ = {isa = PBXFileReference; fileEncoding = 4; lastKnownFileType = sourcecode.swift; path = ToolbarNode.swift; sourceTree = "<group>"; };
		2D849F3519A39EB6008F3D69 /* CoreGraphicsExtensions.swift */ = {isa = PBXFileReference; fileEncoding = 4; lastKnownFileType = sourcecode.swift; path = CoreGraphicsExtensions.swift; sourceTree = "<group>"; };
		2D8C19A2199696A90064B790 /* SwipeNode.swift */ = {isa = PBXFileReference; fileEncoding = 4; lastKnownFileType = sourcecode.swift; path = SwipeNode.swift; sourceTree = "<group>"; };
		2DC0167619CCCA50003D922A /* belt36@2x.png */ = {isa = PBXFileReference; lastKnownFileType = image.png; name = "belt36@2x.png"; path = "../../../Documents/ManufactoriaSwift/gameScene/belt36@2x.png"; sourceTree = "<group>"; };
		2DC0167A19CCCEBE003D922A /* belt29@2x.png */ = {isa = PBXFileReference; lastKnownFileType = image.png; name = "belt29@2x.png"; path = "../../../Documents/ManufactoriaSwift/gameScene/belt29@2x.png"; sourceTree = "<group>"; };
		2DC0167C19CDC32E003D922A /* Media.xcassets */ = {isa = PBXFileReference; lastKnownFileType = folder.assetcatalog; path = Media.xcassets; sourceTree = "<group>"; };
		2DC0167E19CDCD66003D922A /* belt46@2x.png */ = {isa = PBXFileReference; lastKnownFileType = image.png; name = "belt46@2x.png"; path = "../../../Documents/ManufactoriaSwift/gameScene/belt46@2x.png"; sourceTree = "<group>"; };
		2DC0167F19CDCD66003D922A /* belt64@2x.png */ = {isa = PBXFileReference; lastKnownFileType = image.png; name = "belt64@2x.png"; path = "../../../Documents/ManufactoriaSwift/gameScene/belt64@2x.png"; sourceTree = "<group>"; };
		2DC0168219CEF41D003D922A /* ManufactoriaScene.swift */ = {isa = PBXFileReference; fileEncoding = 4; lastKnownFileType = sourcecode.swift; path = ManufactoriaScene.swift; sourceTree = "<group>"; };
		2DC1CD6819AFB75900589B86 /* FailTapeNode.swift */ = {isa = PBXFileReference; fileEncoding = 4; lastKnownFileType = sourcecode.swift; path = FailTapeNode.swift; sourceTree = "<group>"; };
		2DC4912B194F45B800053237 /* ManufactoriaSwift.app */ = {isa = PBXFileReference; explicitFileType = wrapper.application; includeInIndex = 0; path = ManufactoriaSwift.app; sourceTree = BUILT_PRODUCTS_DIR; };
		2DC4912F194F45B800053237 /* Info.plist */ = {isa = PBXFileReference; lastKnownFileType = text.plist.xml; path = Info.plist; sourceTree = "<group>"; };
		2DC49130194F45B800053237 /* AppDelegate.swift */ = {isa = PBXFileReference; lastKnownFileType = sourcecode.swift; path = AppDelegate.swift; sourceTree = "<group>"; };
		2DC49134194F45B800053237 /* GameScene.swift */ = {isa = PBXFileReference; lastKnownFileType = sourcecode.swift; lineEnding = 0; path = GameScene.swift; sourceTree = "<group>"; xcLanguageSpecificationIdentifier = xcode.lang.swift; };
		2DC49136194F45B800053237 /* GameViewController.swift */ = {isa = PBXFileReference; lastKnownFileType = sourcecode.swift; path = GameViewController.swift; sourceTree = "<group>"; };
		2DC49139194F45B800053237 /* Base */ = {isa = PBXFileReference; lastKnownFileType = file.storyboard; name = Base; path = Base.lproj/Main.storyboard; sourceTree = "<group>"; };
		2DC4913B194F45B800053237 /* Images.xcassets */ = {isa = PBXFileReference; lastKnownFileType = folder.assetcatalog; path = Images.xcassets; sourceTree = "<group>"; };
		2DC49141194F45B800053237 /* ManufactoriaSwiftTests.xctest */ = {isa = PBXFileReference; explicitFileType = wrapper.cfbundle; includeInIndex = 0; path = ManufactoriaSwiftTests.xctest; sourceTree = BUILT_PRODUCTS_DIR; };
		2DC49146194F45B800053237 /* Info.plist */ = {isa = PBXFileReference; lastKnownFileType = text.plist.xml; path = Info.plist; sourceTree = "<group>"; };
		2DC49147194F45B800053237 /* ManufactoriaSwiftTests.swift */ = {isa = PBXFileReference; lastKnownFileType = sourcecode.swift; path = ManufactoriaSwiftTests.swift; sourceTree = "<group>"; };
		2DC4915C194F621A00053237 /* Grid.swift */ = {isa = PBXFileReference; fileEncoding = 4; lastKnownFileType = sourcecode.swift; path = Grid.swift; sourceTree = "<group>"; };
		2DC4915E194F671F00053237 /* Cell.swift */ = {isa = PBXFileReference; fileEncoding = 4; lastKnownFileType = sourcecode.swift; path = Cell.swift; sourceTree = "<group>"; };
		2DCA18A41985849B00DF3118 /* SpriteKitExtensions.swift */ = {isa = PBXFileReference; fileEncoding = 4; lastKnownFileType = sourcecode.swift; path = SpriteKitExtensions.swift; sourceTree = "<group>"; };
		2DCA18A61985AA0200DF3118 /* QuestionScene.swift */ = {isa = PBXFileReference; fileEncoding = 4; lastKnownFileType = sourcecode.swift; path = QuestionScene.swift; sourceTree = "<group>"; };
		2DCA18AA1986D2FA00DF3118 /* BreakingLabel.swift */ = {isa = PBXFileReference; fileEncoding = 4; lastKnownFileType = sourcecode.swift; path = BreakingLabel.swift; sourceTree = "<group>"; };
		2DCEF7D4198D63960008DA44 /* StatusNode.swift */ = {isa = PBXFileReference; fileEncoding = 4; lastKnownFileType = sourcecode.swift; path = StatusNode.swift; sourceTree = "<group>"; };
		2DD23D6B196DB17C00838E96 /* TapeNode.swift */ = {isa = PBXFileReference; fileEncoding = 4; lastKnownFileType = sourcecode.swift; lineEnding = 0; path = TapeNode.swift; sourceTree = "<group>"; xcLanguageSpecificationIdentifier = xcode.lang.swift; };
		2DD23D6D196F0BF900838E96 /* LevelLibrary.swift */ = {isa = PBXFileReference; fileEncoding = 4; lastKnownFileType = sourcecode.swift; path = LevelLibrary.swift; sourceTree = "<group>"; };
		2DD23D70196F223E00838E96 /* MenuScene.swift */ = {isa = PBXFileReference; fileEncoding = 4; lastKnownFileType = sourcecode.swift; path = MenuScene.swift; sourceTree = "<group>"; };
		2DD23D721974730F00838E96 /* Engine.swift */ = {isa = PBXFileReference; fileEncoding = 4; lastKnownFileType = sourcecode.swift; path = Engine.swift; sourceTree = "<group>"; };
		2DD8C8A119B69AD9000D729E /* LevelData.swift */ = {isa = PBXFileReference; fileEncoding = 4; lastKnownFileType = sourcecode.swift; path = LevelData.swift; sourceTree = "<group>"; };
/* End PBXFileReference section */

/* Begin PBXFrameworksBuildPhase section */
		2DC49128194F45B800053237 /* Frameworks */ = {
			isa = PBXFrameworksBuildPhase;
			buildActionMask = 2147483647;
			files = (
			);
			runOnlyForDeploymentPostprocessing = 0;
		};
		2DC4913E194F45B800053237 /* Frameworks */ = {
			isa = PBXFrameworksBuildPhase;
			buildActionMask = 2147483647;
			files = (
			);
			runOnlyForDeploymentPostprocessing = 0;
		};
/* End PBXFrameworksBuildPhase section */

/* Begin PBXGroup section */
		2D9A097A195643680007F6A4 /* Images */ = {
			isa = PBXGroup;
			children = (
				2DC0167A19CCCEBE003D922A /* belt29@2x.png */,
				2DC0167619CCCA50003D922A /* belt36@2x.png */,
				2DC0167E19CDCD66003D922A /* belt46@2x.png */,
				2DC0167F19CDCD66003D922A /* belt64@2x.png */,
				2D1CC15B195B59C000579575 /* gameScene.atlas */,
			);
			name = Images;
			sourceTree = "<group>";
		};
		2DC49122194F45B800053237 = {
			isa = PBXGroup;
			children = (
				2DC4912D194F45B800053237 /* ManufactoriaSwift */,
				2DC49144194F45B800053237 /* ManufactoriaSwiftTests */,
				2DC4912C194F45B800053237 /* Products */,
			);
			sourceTree = "<group>";
		};
		2DC4912C194F45B800053237 /* Products */ = {
			isa = PBXGroup;
			children = (
				2DC4912B194F45B800053237 /* ManufactoriaSwift.app */,
				2DC49141194F45B800053237 /* ManufactoriaSwiftTests.xctest */,
			);
			name = Products;
			sourceTree = "<group>";
		};
		2DC4912D194F45B800053237 /* ManufactoriaSwift */ = {
			isa = PBXGroup;
			children = (
				2DC49138194F45B800053237 /* Main.storyboard */,
				2DC49130194F45B800053237 /* AppDelegate.swift */,
				2DC49136194F45B800053237 /* GameViewController.swift */,
				2D62A46019929CC7002CD03F /* Globals.swift */,
				2D03B939197EB89700715176 /* SwiftExtensions.swift */,
				2D336E8819534044008E55A9 /* MathFunctions.swift */,
				2D849F3519A39EB6008F3D69 /* CoreGraphicsExtensions.swift */,
				2DCA18A41985849B00DF3118 /* SpriteKitExtensions.swift */,
				2DCA18AA1986D2FA00DF3118 /* BreakingLabel.swift */,
				2D60F5C8198156250032860B /* GameData.swift */,
				2DD8C8A119B69AD9000D729E /* LevelData.swift */,
				2DD23D6D196F0BF900838E96 /* LevelLibrary.swift */,
				2D37934419965135000B10EB /* Button.swift */,
				2D5E583E19A5265500F10DD3 /* ShimmerNode.swift */,
				2DC0168219CEF41D003D922A /* ManufactoriaScene.swift */,
				2D60F5C6198041BD0032860B /* TitleScene.swift */,
				2DD23D70196F223E00838E96 /* MenuScene.swift */,
				2DCA18A61985AA0200DF3118 /* QuestionScene.swift */,
				2DC49151194F4BEB00053237 /* GameScene */,
				2D9A097A195643680007F6A4 /* Images */,
				2DC4913B194F45B800053237 /* Images.xcassets */,
				2DC0167C19CDC32E003D922A /* Media.xcassets */,
				2DC4912E194F45B800053237 /* Supporting Files */,
			);
			path = ManufactoriaSwift;
			sourceTree = "<group>";
		};
		2DC4912E194F45B800053237 /* Supporting Files */ = {
			isa = PBXGroup;
			children = (
				2DC4912F194F45B800053237 /* Info.plist */,
			);
			name = "Supporting Files";
			sourceTree = "<group>";
		};
		2DC49144194F45B800053237 /* ManufactoriaSwiftTests */ = {
			isa = PBXGroup;
			children = (
				2DC49147194F45B800053237 /* ManufactoriaSwiftTests.swift */,
				2DC49145194F45B800053237 /* Supporting Files */,
			);
			path = ManufactoriaSwiftTests;
			sourceTree = "<group>";
		};
		2DC49145194F45B800053237 /* Supporting Files */ = {
			isa = PBXGroup;
			children = (
				2DC49146194F45B800053237 /* Info.plist */,
			);
			name = "Supporting Files";
			sourceTree = "<group>";
		};
		2DC49151194F4BEB00053237 /* GameScene */ = {
			isa = PBXGroup;
			children = (
				2DC49134194F45B800053237 /* GameScene.swift */,
				2D2D26AA199E610D00EC4A45 /* FirstTutorialScene.swift */,
				2DC4915C194F621A00053237 /* Grid.swift */,
				2D15929919514B4900A96BCC /* GridNode.swift */,
				2D4729CC19BB91110072E52D /* LiftedGridNode.swift */,
				2DC4915E194F671F00053237 /* Cell.swift */,
				2D15929B19514B5400A96BCC /* CellNode.swift */,
				2DD23D721974730F00838E96 /* Engine.swift */,
				2D8C19A2199696A90064B790 /* SwipeNode.swift */,
				2DCEF7D4198D63960008DA44 /* StatusNode.swift */,
				2DD23D6B196DB17C00838E96 /* TapeNode.swift */,
				2DC1CD6819AFB75900589B86 /* FailTapeNode.swift */,
				2D7F922B195C61FA00F04F63 /* ToolbarNode.swift */,
				2D4729CE19BC92650072E52D /* ToolButton.swift */,
				2D5C7318199FE80600D53D0D /* SpeedControlNode.swift */,
			);
			name = GameScene;
			sourceTree = "<group>";
		};
/* End PBXGroup section */

/* Begin PBXNativeTarget section */
		2DC4912A194F45B800053237 /* ManufactoriaSwift */ = {
			isa = PBXNativeTarget;
			buildConfigurationList = 2DC4914B194F45B800053237 /* Build configuration list for PBXNativeTarget "ManufactoriaSwift" */;
			buildPhases = (
				2DC49127194F45B800053237 /* Sources */,
				2DC49128194F45B800053237 /* Frameworks */,
				2DC49129194F45B800053237 /* Resources */,
			);
			buildRules = (
			);
			dependencies = (
			);
			name = ManufactoriaSwift;
			productName = ManufactoriaSwift;
			productReference = 2DC4912B194F45B800053237 /* ManufactoriaSwift.app */;
			productType = "com.apple.product-type.application";
		};
		2DC49140194F45B800053237 /* ManufactoriaSwiftTests */ = {
			isa = PBXNativeTarget;
			buildConfigurationList = 2DC4914E194F45B800053237 /* Build configuration list for PBXNativeTarget "ManufactoriaSwiftTests" */;
			buildPhases = (
				2DC4913D194F45B800053237 /* Sources */,
				2DC4913E194F45B800053237 /* Frameworks */,
				2DC4913F194F45B800053237 /* Resources */,
			);
			buildRules = (
			);
			dependencies = (
				2DC49143194F45B800053237 /* PBXTargetDependency */,
			);
			name = ManufactoriaSwiftTests;
			productName = ManufactoriaSwiftTests;
			productReference = 2DC49141194F45B800053237 /* ManufactoriaSwiftTests.xctest */;
			productType = "com.apple.product-type.bundle.unit-test";
		};
/* End PBXNativeTarget section */

/* Begin PBXProject section */
		2DC49123194F45B800053237 /* Project object */ = {
			isa = PBXProject;
			attributes = {
				LastUpgradeCheck = 0600;
				ORGANIZATIONNAME = "Warren Whipple";
				TargetAttributes = {
					2DC4912A194F45B800053237 = {
						CreatedOnToolsVersion = 6.0;
						DevelopmentTeam = J627TVEKXG;
					};
					2DC49140194F45B800053237 = {
						CreatedOnToolsVersion = 6.0;
						TestTargetID = 2DC4912A194F45B800053237;
					};
				};
			};
			buildConfigurationList = 2DC49126194F45B800053237 /* Build configuration list for PBXProject "ManufactoriaSwift" */;
			compatibilityVersion = "Xcode 3.2";
			developmentRegion = English;
			hasScannedForEncodings = 0;
			knownRegions = (
				en,
				Base,
			);
			mainGroup = 2DC49122194F45B800053237;
			productRefGroup = 2DC4912C194F45B800053237 /* Products */;
			projectDirPath = "";
			projectRoot = "";
			targets = (
				2DC4912A194F45B800053237 /* ManufactoriaSwift */,
				2DC49140194F45B800053237 /* ManufactoriaSwiftTests */,
			);
		};
/* End PBXProject section */

/* Begin PBXResourcesBuildPhase section */
		2DC49129194F45B800053237 /* Resources */ = {
			isa = PBXResourcesBuildPhase;
			buildActionMask = 2147483647;
			files = (
				2DC4913C194F45B800053237 /* Images.xcassets in Resources */,
				2DC0167719CCCA50003D922A /* belt36@2x.png in Resources */,
				2DC0167D19CDC32E003D922A /* Media.xcassets in Resources */,
				2DC0168119CDCD66003D922A /* belt64@2x.png in Resources */,
				2DC0168019CDCD66003D922A /* belt46@2x.png in Resources */,
				2DC0167B19CCCEBE003D922A /* belt29@2x.png in Resources */,
				2DC4913A194F45B800053237 /* Main.storyboard in Resources */,
				2D1CC15D195B59C000579575 /* gameScene.atlas in Resources */,
			);
			runOnlyForDeploymentPostprocessing = 0;
		};
		2DC4913F194F45B800053237 /* Resources */ = {
			isa = PBXResourcesBuildPhase;
			buildActionMask = 2147483647;
			files = (
			);
			runOnlyForDeploymentPostprocessing = 0;
		};
/* End PBXResourcesBuildPhase section */

/* Begin PBXSourcesBuildPhase section */
		2DC49127194F45B800053237 /* Sources */ = {
			isa = PBXSourcesBuildPhase;
			buildActionMask = 2147483647;
			files = (
				2DC49135194F45B800053237 /* GameScene.swift in Sources */,
				2D37934519965135000B10EB /* Button.swift in Sources */,
				2D4729CD19BB91110072E52D /* LiftedGridNode.swift in Sources */,
				2DCEF7D5198D63960008DA44 /* StatusNode.swift in Sources */,
				2DC1CD6919AFB75900589B86 /* FailTapeNode.swift in Sources */,
				2D4729CF19BC92650072E52D /* ToolButton.swift in Sources */,
				2D60F5C9198156250032860B /* GameData.swift in Sources */,
				2DCA18A51985849B00DF3118 /* SpriteKitExtensions.swift in Sources */,
				2D336E8919534044008E55A9 /* MathFunctions.swift in Sources */,
				2D15929A19514B4900A96BCC /* GridNode.swift in Sources */,
				2DD23D6C196DB17C00838E96 /* TapeNode.swift in Sources */,
				2D8C19A3199696A90064B790 /* SwipeNode.swift in Sources */,
				2D849F3619A39EB6008F3D69 /* CoreGraphicsExtensions.swift in Sources */,
				2DCA18AB1986D2FA00DF3118 /* BreakingLabel.swift in Sources */,
				2DD8C8A219B69AD9000D729E /* LevelData.swift in Sources */,
				2D7F922C195C61FA00F04F63 /* ToolbarNode.swift in Sources */,
				2DC49137194F45B800053237 /* GameViewController.swift in Sources */,
				2D15929C19514B5400A96BCC /* CellNode.swift in Sources */,
				2D62A46119929CC7002CD03F /* Globals.swift in Sources */,
				2DD23D6E196F0BF900838E96 /* LevelLibrary.swift in Sources */,
				2D5C7319199FE80600D53D0D /* SpeedControlNode.swift in Sources */,
				2D2D26AB199E610D00EC4A45 /* FirstTutorialScene.swift in Sources */,
				2D60F5C7198041BD0032860B /* TitleScene.swift in Sources */,
				2DC4915F194F671F00053237 /* Cell.swift in Sources */,
				2DD23D71196F223E00838E96 /* MenuScene.swift in Sources */,
				2D03B93A197EB89700715176 /* SwiftExtensions.swift in Sources */,
				2DC0168319CEF41D003D922A /* ManufactoriaScene.swift in Sources */,
				2D5E583F19A5265500F10DD3 /* ShimmerNode.swift in Sources */,
				2DD23D731974730F00838E96 /* Engine.swift in Sources */,
				2DCA18A71985AA0200DF3118 /* QuestionScene.swift in Sources */,
				2DC49131194F45B800053237 /* AppDelegate.swift in Sources */,
				2DC4915D194F621A00053237 /* Grid.swift in Sources */,
			);
			runOnlyForDeploymentPostprocessing = 0;
		};
		2DC4913D194F45B800053237 /* Sources */ = {
			isa = PBXSourcesBuildPhase;
			buildActionMask = 2147483647;
			files = (
				2DC49148194F45B800053237 /* ManufactoriaSwiftTests.swift in Sources */,
			);
			runOnlyForDeploymentPostprocessing = 0;
		};
/* End PBXSourcesBuildPhase section */

/* Begin PBXTargetDependency section */
		2DC49143194F45B800053237 /* PBXTargetDependency */ = {
			isa = PBXTargetDependency;
			target = 2DC4912A194F45B800053237 /* ManufactoriaSwift */;
			targetProxy = 2DC49142194F45B800053237 /* PBXContainerItemProxy */;
		};
/* End PBXTargetDependency section */

/* Begin PBXVariantGroup section */
		2DC49138194F45B800053237 /* Main.storyboard */ = {
			isa = PBXVariantGroup;
			children = (
				2DC49139194F45B800053237 /* Base */,
			);
			name = Main.storyboard;
			sourceTree = "<group>";
		};
/* End PBXVariantGroup section */

/* Begin XCBuildConfiguration section */
		2DC49149194F45B800053237 /* Debug */ = {
			isa = XCBuildConfiguration;
			buildSettings = {
				ALWAYS_SEARCH_USER_PATHS = NO;
				CLANG_CXX_LANGUAGE_STANDARD = "gnu++0x";
				CLANG_CXX_LIBRARY = "libc++";
				CLANG_ENABLE_MODULES = YES;
				CLANG_ENABLE_OBJC_ARC = YES;
				CLANG_WARN_BOOL_CONVERSION = YES;
				CLANG_WARN_CONSTANT_CONVERSION = YES;
				CLANG_WARN_DIRECT_OBJC_ISA_USAGE = YES_ERROR;
				CLANG_WARN_EMPTY_BODY = YES;
				CLANG_WARN_ENUM_CONVERSION = YES;
				CLANG_WARN_INT_CONVERSION = YES;
				CLANG_WARN_OBJC_ROOT_CLASS = YES_ERROR;
				CLANG_WARN_UNREACHABLE_CODE = YES;
				CLANG_WARN__DUPLICATE_METHOD_MATCH = YES;
				"CODE_SIGN_IDENTITY[sdk=iphoneos*]" = "iPhone Developer";
				COPY_PHASE_STRIP = NO;
				ENABLE_STRICT_OBJC_MSGSEND = YES;
				GCC_C_LANGUAGE_STANDARD = gnu99;
				GCC_DYNAMIC_NO_PIC = NO;
				GCC_OPTIMIZATION_LEVEL = 0;
				GCC_PREPROCESSOR_DEFINITIONS = (
					"DEBUG=1",
					"$(inherited)",
				);
				GCC_SYMBOLS_PRIVATE_EXTERN = NO;
				GCC_WARN_64_TO_32_BIT_CONVERSION = YES;
				GCC_WARN_ABOUT_RETURN_TYPE = YES_ERROR;
				GCC_WARN_UNDECLARED_SELECTOR = YES;
				GCC_WARN_UNINITIALIZED_AUTOS = YES_AGGRESSIVE;
				GCC_WARN_UNUSED_FUNCTION = YES;
				GCC_WARN_UNUSED_VARIABLE = YES;
				IPHONEOS_DEPLOYMENT_TARGET = 8.0;
				METAL_ENABLE_DEBUG_INFO = YES;
				ONLY_ACTIVE_ARCH = NO;
				SDKROOT = iphoneos;
				SWIFT_OPTIMIZATION_LEVEL = "-Onone";
				TARGETED_DEVICE_FAMILY = "1,2";
			};
			name = Debug;
		};
		2DC4914A194F45B800053237 /* Release */ = {
			isa = XCBuildConfiguration;
			buildSettings = {
				ALWAYS_SEARCH_USER_PATHS = NO;
				CLANG_CXX_LANGUAGE_STANDARD = "gnu++0x";
				CLANG_CXX_LIBRARY = "libc++";
				CLANG_ENABLE_MODULES = YES;
				CLANG_ENABLE_OBJC_ARC = YES;
				CLANG_WARN_BOOL_CONVERSION = YES;
				CLANG_WARN_CONSTANT_CONVERSION = YES;
				CLANG_WARN_DIRECT_OBJC_ISA_USAGE = YES_ERROR;
				CLANG_WARN_EMPTY_BODY = YES;
				CLANG_WARN_ENUM_CONVERSION = YES;
				CLANG_WARN_INT_CONVERSION = YES;
				CLANG_WARN_OBJC_ROOT_CLASS = YES_ERROR;
				CLANG_WARN_UNREACHABLE_CODE = YES;
				CLANG_WARN__DUPLICATE_METHOD_MATCH = YES;
				"CODE_SIGN_IDENTITY[sdk=iphoneos*]" = "iPhone Developer";
				COPY_PHASE_STRIP = YES;
				ENABLE_NS_ASSERTIONS = NO;
				ENABLE_STRICT_OBJC_MSGSEND = YES;
				GCC_C_LANGUAGE_STANDARD = gnu99;
				GCC_WARN_64_TO_32_BIT_CONVERSION = YES;
				GCC_WARN_ABOUT_RETURN_TYPE = YES_ERROR;
				GCC_WARN_UNDECLARED_SELECTOR = YES;
				GCC_WARN_UNINITIALIZED_AUTOS = YES_AGGRESSIVE;
				GCC_WARN_UNUSED_FUNCTION = YES;
				GCC_WARN_UNUSED_VARIABLE = YES;
				IPHONEOS_DEPLOYMENT_TARGET = 8.0;
				METAL_ENABLE_DEBUG_INFO = NO;
				ONLY_ACTIVE_ARCH = NO;
				SDKROOT = iphoneos;
				TARGETED_DEVICE_FAMILY = "1,2";
				VALIDATE_PRODUCT = YES;
			};
			name = Release;
		};
		2DC4914C194F45B800053237 /* Debug */ = {
			isa = XCBuildConfiguration;
			buildSettings = {
				ASSETCATALOG_COMPILER_APPICON_NAME = AppIcon;
				ASSETCATALOG_COMPILER_LAUNCHIMAGE_NAME = LaunchImage;
				CODE_SIGN_IDENTITY = "iPhone Developer";
				"CODE_SIGN_IDENTITY[sdk=iphoneos*]" = "iPhone Developer";
				INFOPLIST_FILE = ManufactoriaSwift/Info.plist;
				IPHONEOS_DEPLOYMENT_TARGET = 7.1;
				LD_RUNPATH_SEARCH_PATHS = "$(inherited) @executable_path/Frameworks";
				PRODUCT_NAME = "$(TARGET_NAME)";
				PROVISIONING_PROFILE = "";
			};
			name = Debug;
		};
		2DC4914D194F45B800053237 /* Release */ = {
			isa = XCBuildConfiguration;
			buildSettings = {
				ASSETCATALOG_COMPILER_APPICON_NAME = AppIcon;
				ASSETCATALOG_COMPILER_LAUNCHIMAGE_NAME = LaunchImage;
				CODE_SIGN_IDENTITY = "iPhone Developer";
				"CODE_SIGN_IDENTITY[sdk=iphoneos*]" = "iPhone Developer";
				INFOPLIST_FILE = ManufactoriaSwift/Info.plist;
				IPHONEOS_DEPLOYMENT_TARGET = 7.1;
				LD_RUNPATH_SEARCH_PATHS = "$(inherited) @executable_path/Frameworks";
				PRODUCT_NAME = "$(TARGET_NAME)";
				PROVISIONING_PROFILE = "";
			};
			name = Release;
		};
		2DC4914F194F45B800053237 /* Debug */ = {
			isa = XCBuildConfiguration;
			buildSettings = {
				BUNDLE_LOADER = "$(BUILT_PRODUCTS_DIR)/ManufactoriaSwift.app/ManufactoriaSwift";
				FRAMEWORK_SEARCH_PATHS = (
					"$(SDKROOT)/Developer/Library/Frameworks",
					"$(inherited)",
				);
				GCC_PREPROCESSOR_DEFINITIONS = (
					"DEBUG=1",
					"$(inherited)",
				);
				INFOPLIST_FILE = ManufactoriaSwiftTests/Info.plist;
				LD_RUNPATH_SEARCH_PATHS = "$(inherited) @executable_path/Frameworks @loader_path/Frameworks";
				METAL_ENABLE_DEBUG_INFO = YES;
				PRODUCT_NAME = "$(TARGET_NAME)";
				TEST_HOST = "$(BUNDLE_LOADER)";
			};
			name = Debug;
		};
		2DC49150194F45B800053237 /* Release */ = {
			isa = XCBuildConfiguration;
			buildSettings = {
				BUNDLE_LOADER = "$(BUILT_PRODUCTS_DIR)/ManufactoriaSwift.app/ManufactoriaSwift";
				FRAMEWORK_SEARCH_PATHS = (
					"$(SDKROOT)/Developer/Library/Frameworks",
					"$(inherited)",
				);
				INFOPLIST_FILE = ManufactoriaSwiftTests/Info.plist;
				LD_RUNPATH_SEARCH_PATHS = "$(inherited) @executable_path/Frameworks @loader_path/Frameworks";
				METAL_ENABLE_DEBUG_INFO = NO;
				PRODUCT_NAME = "$(TARGET_NAME)";
				TEST_HOST = "$(BUNDLE_LOADER)";
			};
			name = Release;
		};
/* End XCBuildConfiguration section */

/* Begin XCConfigurationList section */
		2DC49126194F45B800053237 /* Build configuration list for PBXProject "ManufactoriaSwift" */ = {
			isa = XCConfigurationList;
			buildConfigurations = (
				2DC49149194F45B800053237 /* Debug */,
				2DC4914A194F45B800053237 /* Release */,
			);
			defaultConfigurationIsVisible = 0;
			defaultConfigurationName = Release;
		};
		2DC4914B194F45B800053237 /* Build configuration list for PBXNativeTarget "ManufactoriaSwift" */ = {
			isa = XCConfigurationList;
			buildConfigurations = (
				2DC4914C194F45B800053237 /* Debug */,
				2DC4914D194F45B800053237 /* Release */,
			);
			defaultConfigurationIsVisible = 0;
			defaultConfigurationName = Release;
		};
		2DC4914E194F45B800053237 /* Build configuration list for PBXNativeTarget "ManufactoriaSwiftTests" */ = {
			isa = XCConfigurationList;
			buildConfigurations = (
				2DC4914F194F45B800053237 /* Debug */,
				2DC49150194F45B800053237 /* Release */,
			);
			defaultConfigurationIsVisible = 0;
			defaultConfigurationName = Release;
		};
/* End XCConfigurationList section */
	};
	rootObject = 2DC49123194F45B800053237 /* Project object */;
}
